
Microsoft Visual Studio Solution File, Format Version 11.00
# Visual Studio 2010
# SharpDevelop 4.4
Project("{F184B08F-C81C-45F6-A57F-5ABD9991F28F}") = "Cafe Adder - 10", "Cafe Adder - 10\Cafe Adder - 10.vbproj", "{E8219E15-9A89-44AF-951D-9758F3A39F3B}"
EndProject
Global
	GlobalSection(SolutionConfigurationPlatforms) = preSolution
		Debug|Any CPU = Debug|Any CPU
		Release|Any CPU = Release|Any CPU
	EndGlobalSection
	GlobalSection(ProjectConfigurationPlatforms) = postSolution
		{E8219E15-9A89-44AF-951D-9758F3A39F3B}.Debug|Any CPU.Build.0 = Debug|Any CPU
		{E8219E15-9A89-44AF-951D-9758F3A39F3B}.Debug|Any CPU.ActiveCfg = Debug|Any CPU
		{E8219E15-9A89-44AF-951D-9758F3A39F3B}.Release|Any CPU.Build.0 = Release|Any CPU
		{E8219E15-9A89-44AF-951D-9758F3A39F3B}.Release|Any CPU.ActiveCfg = Release|Any CPU
	EndGlobalSection
EndGlobal
